
Microsoft Visual Studio Solution File, Format Version 12.00
# Visual Studio 14
VisualStudioVersion = 14.0.25123.0
MinimumVisualStudioVersion = 10.0.40219.1
Project("{FAE04EC0-301F-11D3-BF4B-00C04F79EFBC}") = "XamlBeacons.Droid", "XamlBeacons\XamlBeacons.Droid\XamlBeacons.Droid.csproj", "{9531468E-C71B-40B8-90A6-01BBA7B0438B}"
EndProject
Project("{FAE04EC0-301F-11D3-BF4B-00C04F79EFBC}") = "XamlBeacons.iOS", "XamlBeacons\XamlBeacons.iOS\XamlBeacons.iOS.csproj", "{532BC3D1-5C5A-4C0E-AF5F-012D08867493}"
EndProject
Project("{FAE04EC0-301F-11D3-BF4B-00C04F79EFBC}") = "XamlBeacons.WinPhone", "XamlBeacons\XamlBeacons.WinPhone\XamlBeacons.WinPhone.csproj", "{94308179-BF8F-423C-BF82-3C0286F9A0EF}"
EndProject
Project("{FAE04EC0-301F-11D3-BF4B-00C04F79EFBC}") = "XamlBeacons.UWP", "XamlBeacons\XamlBeacons.UWP\XamlBeacons.UWP.csproj", "{1115FE9E-04A6-4542-B3C0-F32175793A1D}"
EndProject
Project("{FAE04EC0-301F-11D3-BF4B-00C04F79EFBC}") = "XamlBeacons.Windows", "XamlBeacons\XamlBeacons.Windows\XamlBeacons.Windows.csproj", "{03123762-FDCA-4180-AA57-6F39BBCAFC3B}"
EndProject
Project("{FAE04EC0-301F-11D3-BF4B-00C04F79EFBC}") = "XamlBeacons", "XamlBeacons\XamlBeacons\XamlBeacons.csproj", "{CA3F81E8-730F-4009-B5D8-FBA83EC2886E}"
EndProject
Global
	GlobalSection(SolutionConfigurationPlatforms) = preSolution
		Ad-Hoc|Any CPU = Ad-Hoc|Any CPU
		Ad-Hoc|ARM = Ad-Hoc|ARM
		Ad-Hoc|iPhone = Ad-Hoc|iPhone
		Ad-Hoc|iPhoneSimulator = Ad-Hoc|iPhoneSimulator
		Ad-Hoc|x64 = Ad-Hoc|x64
		Ad-Hoc|x86 = Ad-Hoc|x86
		AppStore|Any CPU = AppStore|Any CPU
		AppStore|ARM = AppStore|ARM
		AppStore|iPhone = AppStore|iPhone
		AppStore|iPhoneSimulator = AppStore|iPhoneSimulator
		AppStore|x64 = AppStore|x64
		AppStore|x86 = AppStore|x86
		Debug|Any CPU = Debug|Any CPU
		Debug|ARM = Debug|ARM
		Debug|iPhone = Debug|iPhone
		Debug|iPhoneSimulator = Debug|iPhoneSimulator
		Debug|x64 = Debug|x64
		Debug|x86 = Debug|x86
		Release|Any CPU = Release|Any CPU
		Release|ARM = Release|ARM
		Release|iPhone = Release|iPhone
		Release|iPhoneSimulator = Release|iPhoneSimulator
		Release|x64 = Release|x64
		Release|x86 = Release|x86
	EndGlobalSection
	GlobalSection(ProjectConfigurationPlatforms) = postSolution
		{9531468E-C71B-40B8-90A6-01BBA7B0438B}.Ad-Hoc|Any CPU.ActiveCfg = Release|Any CPU
		{9531468E-C71B-40B8-90A6-01BBA7B0438B}.Ad-Hoc|Any CPU.Build.0 = Release|Any CPU
		{9531468E-C71B-40B8-90A6-01BBA7B0438B}.Ad-Hoc|Any CPU.Deploy.0 = Release|Any CPU
		{9531468E-C71B-40B8-90A6-01BBA7B0438B}.Ad-Hoc|ARM.ActiveCfg = Release|Any CPU
		{9531468E-C71B-40B8-90A6-01BBA7B0438B}.Ad-Hoc|ARM.Build.0 = Release|Any CPU
		{9531468E-C71B-40B8-90A6-01BBA7B0438B}.Ad-Hoc|ARM.Deploy.0 = Release|Any CPU
		{9531468E-C71B-40B8-90A6-01BBA7B0438B}.Ad-Hoc|iPhone.ActiveCfg = Release|Any CPU
		{9531468E-C71B-40B8-90A6-01BBA7B0438B}.Ad-Hoc|iPhone.Build.0 = Release|Any CPU
		{9531468E-C71B-40B8-90A6-01BBA7B0438B}.Ad-Hoc|iPhone.Deploy.0 = Release|Any CPU
		{9531468E-C71B-40B8-90A6-01BBA7B0438B}.Ad-Hoc|iPhoneSimulator.ActiveCfg = Release|Any CPU
		{9531468E-C71B-40B8-90A6-01BBA7B0438B}.Ad-Hoc|iPhoneSimulator.Build.0 = Release|Any CPU
		{9531468E-C71B-40B8-90A6-01BBA7B0438B}.Ad-Hoc|iPhoneSimulator.Deploy.0 = Release|Any CPU
		{9531468E-C71B-40B8-90A6-01BBA7B0438B}.Ad-Hoc|x64.ActiveCfg = Release|Any CPU
		{9531468E-C71B-40B8-90A6-01BBA7B0438B}.Ad-Hoc|x64.Build.0 = Release|Any CPU
		{9531468E-C71B-40B8-90A6-01BBA7B0438B}.Ad-Hoc|x64.Deploy.0 = Release|Any CPU
		{9531468E-C71B-40B8-90A6-01BBA7B0438B}.Ad-Hoc|x86.ActiveCfg = Release|Any CPU
		{9531468E-C71B-40B8-90A6-01BBA7B0438B}.Ad-Hoc|x86.Build.0 = Release|Any CPU
		{9531468E-C71B-40B8-90A6-01BBA7B0438B}.Ad-Hoc|x86.Deploy.0 = Release|Any CPU
		{9531468E-C71B-40B8-90A6-01BBA7B0438B}.AppStore|Any CPU.ActiveCfg = Release|Any CPU
		{9531468E-C71B-40B8-90A6-01BBA7B0438B}.AppStore|Any CPU.Build.0 = Release|Any CPU
		{9531468E-C71B-40B8-90A6-01BBA7B0438B}.AppStore|Any CPU.Deploy.0 = Release|Any CPU
		{9531468E-C71B-40B8-90A6-01BBA7B0438B}.AppStore|ARM.ActiveCfg = Release|Any CPU
		{9531468E-C71B-40B8-90A6-01BBA7B0438B}.AppStore|ARM.Build.0 = Release|Any CPU
		{9531468E-C71B-40B8-90A6-01BBA7B0438B}.AppStore|ARM.Deploy.0 = Release|Any CPU
		{9531468E-C71B-40B8-90A6-01BBA7B0438B}.AppStore|iPhone.ActiveCfg = Release|Any CPU
		{9531468E-C71B-40B8-90A6-01BBA7B0438B}.AppStore|iPhone.Build.0 = Release|Any CPU
		{9531468E-C71B-40B8-90A6-01BBA7B0438B}.AppStore|iPhone.Deploy.0 = Release|Any CPU
		{9531468E-C71B-40B8-90A6-01BBA7B0438B}.AppStore|iPhoneSimulator.ActiveCfg = Release|Any CPU
		{9531468E-C71B-40B8-90A6-01BBA7B0438B}.AppStore|iPhoneSimulator.Build.0 = Release|Any CPU
		{9531468E-C71B-40B8-90A6-01BBA7B0438B}.AppStore|iPhoneSimulator.Deploy.0 = Release|Any CPU
		{9531468E-C71B-40B8-90A6-01BBA7B0438B}.AppStore|x64.ActiveCfg = Release|Any CPU
		{9531468E-C71B-40B8-90A6-01BBA7B0438B}.AppStore|x64.Build.0 = Release|Any CPU
		{9531468E-C71B-40B8-90A6-01BBA7B0438B}.AppStore|x64.Deploy.0 = Release|Any CPU
		{9531468E-C71B-40B8-90A6-01BBA7B0438B}.AppStore|x86.ActiveCfg = Release|Any CPU
		{9531468E-C71B-40B8-90A6-01BBA7B0438B}.AppStore|x86.Build.0 = Release|Any CPU
		{9531468E-C71B-40B8-90A6-01BBA7B0438B}.AppStore|x86.Deploy.0 = Release|Any CPU
		{9531468E-C71B-40B8-90A6-01BBA7B0438B}.Debug|Any CPU.ActiveCfg = Debug|Any CPU
		{9531468E-C71B-40B8-90A6-01BBA7B0438B}.Debug|Any CPU.Build.0 = Debug|Any CPU
		{9531468E-C71B-40B8-90A6-01BBA7B0438B}.Debug|Any CPU.Deploy.0 = Debug|Any CPU
		{9531468E-C71B-40B8-90A6-01BBA7B0438B}.Debug|ARM.ActiveCfg = Debug|Any CPU
		{9531468E-C71B-40B8-90A6-01BBA7B0438B}.Debug|ARM.Build.0 = Debug|Any CPU
		{9531468E-C71B-40B8-90A6-01BBA7B0438B}.Debug|ARM.Deploy.0 = Debug|Any CPU
		{9531468E-C71B-40B8-90A6-01BBA7B0438B}.Debug|iPhone.ActiveCfg = Debug|Any CPU
		{9531468E-C71B-40B8-90A6-01BBA7B0438B}.Debug|iPhone.Build.0 = Debug|Any CPU
		{9531468E-C71B-40B8-90A6-01BBA7B0438B}.Debug|iPhone.Deploy.0 = Debug|Any CPU
		{9531468E-C71B-40B8-90A6-01BBA7B0438B}.Debug|iPhoneSimulator.ActiveCfg = Debug|Any CPU
		{9531468E-C71B-40B8-90A6-01BBA7B0438B}.Debug|iPhoneSimulator.Build.0 = Debug|Any CPU
		{9531468E-C71B-40B8-90A6-01BBA7B0438B}.Debug|iPhoneSimulator.Deploy.0 = Debug|Any CPU
		{9531468E-C71B-40B8-90A6-01BBA7B0438B}.Debug|x64.ActiveCfg = Debug|Any CPU
		{9531468E-C71B-40B8-90A6-01BBA7B0438B}.Debug|x64.Build.0 = Debug|Any CPU
		{9531468E-C71B-40B8-90A6-01BBA7B0438B}.Debug|x64.Deploy.0 = Debug|Any CPU
		{9531468E-C71B-40B8-90A6-01BBA7B0438B}.Debug|x86.ActiveCfg = Debug|Any CPU
		{9531468E-C71B-40B8-90A6-01BBA7B0438B}.Debug|x86.Build.0 = Debug|Any CPU
		{9531468E-C71B-40B8-90A6-01BBA7B0438B}.Debug|x86.Deploy.0 = Debug|Any CPU
		{9531468E-C71B-40B8-90A6-01BBA7B0438B}.Release|Any CPU.ActiveCfg = Release|Any CPU
		{9531468E-C71B-40B8-90A6-01BBA7B0438B}.Release|Any CPU.Build.0 = Release|Any CPU
		{9531468E-C71B-40B8-90A6-01BBA7B0438B}.Release|Any CPU.Deploy.0 = Release|Any CPU
		{9531468E-C71B-40B8-90A6-01BBA7B0438B}.Release|ARM.ActiveCfg = Release|Any CPU
		{9531468E-C71B-40B8-90A6-01BBA7B0438B}.Release|ARM.Build.0 = Release|Any CPU
		{9531468E-C71B-40B8-90A6-01BBA7B0438B}.Release|ARM.Deploy.0 = Release|Any CPU
		{9531468E-C71B-40B8-90A6-01BBA7B0438B}.Release|iPhone.ActiveCfg = Release|Any CPU
		{9531468E-C71B-40B8-90A6-01BBA7B0438B}.Release|iPhone.Build.0 = Release|Any CPU
		{9531468E-C71B-40B8-90A6-01BBA7B0438B}.Release|iPhone.Deploy.0 = Release|Any CPU
		{9531468E-C71B-40B8-90A6-01BBA7B0438B}.Release|iPhoneSimulator.ActiveCfg = Release|Any CPU
		{9531468E-C71B-40B8-90A6-01BBA7B0438B}.Release|iPhoneSimulator.Build.0 = Release|Any CPU
		{9531468E-C71B-40B8-90A6-01BBA7B0438B}.Release|iPhoneSimulator.Deploy.0 = Release|Any CPU
		{9531468E-C71B-40B8-90A6-01BBA7B0438B}.Release|x64.ActiveCfg = Release|Any CPU
		{9531468E-C71B-40B8-90A6-01BBA7B0438B}.Release|x64.Build.0 = Release|Any CPU
		{9531468E-C71B-40B8-90A6-01BBA7B0438B}.Release|x64.Deploy.0 = Release|Any CPU
		{9531468E-C71B-40B8-90A6-01BBA7B0438B}.Release|x86.ActiveCfg = Release|Any CPU
		{9531468E-C71B-40B8-90A6-01BBA7B0438B}.Release|x86.Build.0 = Release|Any CPU
		{9531468E-C71B-40B8-90A6-01BBA7B0438B}.Release|x86.Deploy.0 = Release|Any CPU
		{532BC3D1-5C5A-4C0E-AF5F-012D08867493}.Ad-Hoc|Any CPU.ActiveCfg = Ad-Hoc|iPhone
		{532BC3D1-5C5A-4C0E-AF5F-012D08867493}.Ad-Hoc|ARM.ActiveCfg = Ad-Hoc|iPhone
		{532BC3D1-5C5A-4C0E-AF5F-012D08867493}.Ad-Hoc|iPhone.ActiveCfg = Ad-Hoc|iPhone
		{532BC3D1-5C5A-4C0E-AF5F-012D08867493}.Ad-Hoc|iPhone.Build.0 = Ad-Hoc|iPhone
		{532BC3D1-5C5A-4C0E-AF5F-012D08867493}.Ad-Hoc|iPhoneSimulator.ActiveCfg = Ad-Hoc|iPhoneSimulator
		{532BC3D1-5C5A-4C0E-AF5F-012D08867493}.Ad-Hoc|iPhoneSimulator.Build.0 = Ad-Hoc|iPhoneSimulator
		{532BC3D1-5C5A-4C0E-AF5F-012D08867493}.Ad-Hoc|x64.ActiveCfg = Ad-Hoc|iPhone
		{532BC3D1-5C5A-4C0E-AF5F-012D08867493}.Ad-Hoc|x86.ActiveCfg = Ad-Hoc|iPhone
		{532BC3D1-5C5A-4C0E-AF5F-012D08867493}.AppStore|Any CPU.ActiveCfg = AppStore|iPhone
		{532BC3D1-5C5A-4C0E-AF5F-012D08867493}.AppStore|ARM.ActiveCfg = AppStore|iPhone
		{532BC3D1-5C5A-4C0E-AF5F-012D08867493}.AppStore|iPhone.ActiveCfg = AppStore|iPhone
		{532BC3D1-5C5A-4C0E-AF5F-012D08867493}.AppStore|iPhone.Build.0 = AppStore|iPhone
		{532BC3D1-5C5A-4C0E-AF5F-012D08867493}.AppStore|iPhoneSimulator.ActiveCfg = AppStore|iPhoneSimulator
		{532BC3D1-5C5A-4C0E-AF5F-012D08867493}.AppStore|iPhoneSimulator.Build.0 = AppStore|iPhoneSimulator
		{532BC3D1-5C5A-4C0E-AF5F-012D08867493}.AppStore|x64.ActiveCfg = AppStore|iPhone
		{532BC3D1-5C5A-4C0E-AF5F-012D08867493}.AppStore|x86.ActiveCfg = AppStore|iPhone
		{532BC3D1-5C5A-4C0E-AF5F-012D08867493}.Debug|Any CPU.ActiveCfg = Debug|iPhone
		{532BC3D1-5C5A-4C0E-AF5F-012D08867493}.Debug|ARM.ActiveCfg = Debug|iPhone
		{532BC3D1-5C5A-4C0E-AF5F-012D08867493}.Debug|iPhone.ActiveCfg = Debug|iPhone
		{532BC3D1-5C5A-4C0E-AF5F-012D08867493}.Debug|iPhone.Build.0 = Debug|iPhone
		{532BC3D1-5C5A-4C0E-AF5F-012D08867493}.Debug|iPhoneSimulator.ActiveCfg = Debug|iPhoneSimulator
		{532BC3D1-5C5A-4C0E-AF5F-012D08867493}.Debug|iPhoneSimulator.Build.0 = Debug|iPhoneSimulator
		{532BC3D1-5C5A-4C0E-AF5F-012D08867493}.Debug|x64.ActiveCfg = Debug|iPhone
		{532BC3D1-5C5A-4C0E-AF5F-012D08867493}.Debug|x86.ActiveCfg = Debug|iPhone
		{532BC3D1-5C5A-4C0E-AF5F-012D08867493}.Release|Any CPU.ActiveCfg = Release|iPhone
		{532BC3D1-5C5A-4C0E-AF5F-012D08867493}.Release|ARM.ActiveCfg = Release|iPhone
		{532BC3D1-5C5A-4C0E-AF5F-012D08867493}.Release|iPhone.ActiveCfg = Release|iPhone
		{532BC3D1-5C5A-4C0E-AF5F-012D08867493}.Release|iPhone.Build.0 = Release|iPhone
		{532BC3D1-5C5A-4C0E-AF5F-012D08867493}.Release|iPhoneSimulator.ActiveCfg = Release|iPhoneSimulator
		{532BC3D1-5C5A-4C0E-AF5F-012D08867493}.Release|iPhoneSimulator.Build.0 = Release|iPhoneSimulator
		{532BC3D1-5C5A-4C0E-AF5F-012D08867493}.Release|x64.ActiveCfg = Release|iPhone
		{532BC3D1-5C5A-4C0E-AF5F-012D08867493}.Release|x86.ActiveCfg = Release|iPhone
		{94308179-BF8F-423C-BF82-3C0286F9A0EF}.Ad-Hoc|Any CPU.ActiveCfg = Release|Any CPU
		{94308179-BF8F-423C-BF82-3C0286F9A0EF}.Ad-Hoc|Any CPU.Build.0 = Release|Any CPU
		{94308179-BF8F-423C-BF82-3C0286F9A0EF}.Ad-Hoc|Any CPU.Deploy.0 = Release|Any CPU
		{94308179-BF8F-423C-BF82-3C0286F9A0EF}.Ad-Hoc|ARM.ActiveCfg = Release|ARM
		{94308179-BF8F-423C-BF82-3C0286F9A0EF}.Ad-Hoc|ARM.Build.0 = Release|ARM
		{94308179-BF8F-423C-BF82-3C0286F9A0EF}.Ad-Hoc|ARM.Deploy.0 = Release|ARM
		{94308179-BF8F-423C-BF82-3C0286F9A0EF}.Ad-Hoc|iPhone.ActiveCfg = Release|Any CPU
		{94308179-BF8F-423C-BF82-3C0286F9A0EF}.Ad-Hoc|iPhone.Build.0 = Release|Any CPU
		{94308179-BF8F-423C-BF82-3C0286F9A0EF}.Ad-Hoc|iPhone.Deploy.0 = Release|Any CPU
		{94308179-BF8F-423C-BF82-3C0286F9A0EF}.Ad-Hoc|iPhoneSimulator.ActiveCfg = Release|Any CPU
		{94308179-BF8F-423C-BF82-3C0286F9A0EF}.Ad-Hoc|iPhoneSimulator.Build.0 = Release|Any CPU
		{94308179-BF8F-423C-BF82-3C0286F9A0EF}.Ad-Hoc|iPhoneSimulator.Deploy.0 = Release|Any CPU
		{94308179-BF8F-423C-BF82-3C0286F9A0EF}.Ad-Hoc|x64.ActiveCfg = Release|Any CPU
		{94308179-BF8F-423C-BF82-3C0286F9A0EF}.Ad-Hoc|x64.Build.0 = Release|Any CPU
		{94308179-BF8F-423C-BF82-3C0286F9A0EF}.Ad-Hoc|x64.Deploy.0 = Release|Any CPU
		{94308179-BF8F-423C-BF82-3C0286F9A0EF}.Ad-Hoc|x86.ActiveCfg = Release|x86
		{94308179-BF8F-423C-BF82-3C0286F9A0EF}.Ad-Hoc|x86.Build.0 = Release|x86
		{94308179-BF8F-423C-BF82-3C0286F9A0EF}.Ad-Hoc|x86.Deploy.0 = Release|x86
		{94308179-BF8F-423C-BF82-3C0286F9A0EF}.AppStore|Any CPU.ActiveCfg = Release|Any CPU
		{94308179-BF8F-423C-BF82-3C0286F9A0EF}.AppStore|Any CPU.Build.0 = Release|Any CPU
		{94308179-BF8F-423C-BF82-3C0286F9A0EF}.AppStore|Any CPU.Deploy.0 = Release|Any CPU
		{94308179-BF8F-423C-BF82-3C0286F9A0EF}.AppStore|ARM.ActiveCfg = Release|ARM
		{94308179-BF8F-423C-BF82-3C0286F9A0EF}.AppStore|ARM.Build.0 = Release|ARM
		{94308179-BF8F-423C-BF82-3C0286F9A0EF}.AppStore|ARM.Deploy.0 = Release|ARM
		{94308179-BF8F-423C-BF82-3C0286F9A0EF}.AppStore|iPhone.ActiveCfg = Release|Any CPU
		{94308179-BF8F-423C-BF82-3C0286F9A0EF}.AppStore|iPhone.Build.0 = Release|Any CPU
		{94308179-BF8F-423C-BF82-3C0286F9A0EF}.AppStore|iPhone.Deploy.0 = Release|Any CPU
		{94308179-BF8F-423C-BF82-3C0286F9A0EF}.AppStore|iPhoneSimulator.ActiveCfg = Release|Any CPU
		{94308179-BF8F-423C-BF82-3C0286F9A0EF}.AppStore|iPhoneSimulator.Build.0 = Release|Any CPU
		{94308179-BF8F-423C-BF82-3C0286F9A0EF}.AppStore|iPhoneSimulator.Deploy.0 = Release|Any CPU
		{94308179-BF8F-423C-BF82-3C0286F9A0EF}.AppStore|x64.ActiveCfg = Release|Any CPU
		{94308179-BF8F-423C-BF82-3C0286F9A0EF}.AppStore|x64.Build.0 = Release|Any CPU
		{94308179-BF8F-423C-BF82-3C0286F9A0EF}.AppStore|x64.Deploy.0 = Release|Any CPU
		{94308179-BF8F-423C-BF82-3C0286F9A0EF}.AppStore|x86.ActiveCfg = Release|x86
		{94308179-BF8F-423C-BF82-3C0286F9A0EF}.AppStore|x86.Build.0 = Release|x86
		{94308179-BF8F-423C-BF82-3C0286F9A0EF}.AppStore|x86.Deploy.0 = Release|x86
		{94308179-BF8F-423C-BF82-3C0286F9A0EF}.Debug|Any CPU.ActiveCfg = Debug|Any CPU
		{94308179-BF8F-423C-BF82-3C0286F9A0EF}.Debug|Any CPU.Build.0 = Debug|Any CPU
		{94308179-BF8F-423C-BF82-3C0286F9A0EF}.Debug|Any CPU.Deploy.0 = Debug|Any CPU
		{94308179-BF8F-423C-BF82-3C0286F9A0EF}.Debug|ARM.ActiveCfg = Debug|ARM
		{94308179-BF8F-423C-BF82-3C0286F9A0EF}.Debug|ARM.Build.0 = Debug|ARM
		{94308179-BF8F-423C-BF82-3C0286F9A0EF}.Debug|ARM.Deploy.0 = Debug|ARM
		{94308179-BF8F-423C-BF82-3C0286F9A0EF}.Debug|iPhone.ActiveCfg = Debug|Any CPU
		{94308179-BF8F-423C-BF82-3C0286F9A0EF}.Debug|iPhone.Build.0 = Debug|Any CPU
		{94308179-BF8F-423C-BF82-3C0286F9A0EF}.Debug|iPhone.Deploy.0 = Debug|Any CPU
		{94308179-BF8F-423C-BF82-3C0286F9A0EF}.Debug|iPhoneSimulator.ActiveCfg = Debug|Any CPU
		{94308179-BF8F-423C-BF82-3C0286F9A0EF}.Debug|iPhoneSimulator.Build.0 = Debug|Any CPU
		{94308179-BF8F-423C-BF82-3C0286F9A0EF}.Debug|iPhoneSimulator.Deploy.0 = Debug|Any CPU
		{94308179-BF8F-423C-BF82-3C0286F9A0EF}.Debug|x64.ActiveCfg = Debug|Any CPU
		{94308179-BF8F-423C-BF82-3C0286F9A0EF}.Debug|x64.Build.0 = Debug|Any CPU
		{94308179-BF8F-423C-BF82-3C0286F9A0EF}.Debug|x64.Deploy.0 = Debug|Any CPU
		{94308179-BF8F-423C-BF82-3C0286F9A0EF}.Debug|x86.ActiveCfg = Debug|x86
		{94308179-BF8F-423C-BF82-3C0286F9A0EF}.Debug|x86.Build.0 = Debug|x86
		{94308179-BF8F-423C-BF82-3C0286F9A0EF}.Debug|x86.Deploy.0 = Debug|x86
		{94308179-BF8F-423C-BF82-3C0286F9A0EF}.Release|Any CPU.ActiveCfg = Release|Any CPU
		{94308179-BF8F-423C-BF82-3C0286F9A0EF}.Release|Any CPU.Build.0 = Release|Any CPU
		{94308179-BF8F-423C-BF82-3C0286F9A0EF}.Release|Any CPU.Deploy.0 = Release|Any CPU
		{94308179-BF8F-423C-BF82-3C0286F9A0EF}.Release|ARM.ActiveCfg = Release|ARM
		{94308179-BF8F-423C-BF82-3C0286F9A0EF}.Release|ARM.Build.0 = Release|ARM
		{94308179-BF8F-423C-BF82-3C0286F9A0EF}.Release|ARM.Deploy.0 = Release|ARM
		{94308179-BF8F-423C-BF82-3C0286F9A0EF}.Release|iPhone.ActiveCfg = Release|Any CPU
		{94308179-BF8F-423C-BF82-3C0286F9A0EF}.Release|iPhone.Build.0 = Release|Any CPU
		{94308179-BF8F-423C-BF82-3C0286F9A0EF}.Release|iPhone.Deploy.0 = Release|Any CPU
		{94308179-BF8F-423C-BF82-3C0286F9A0EF}.Release|iPhoneSimulator.ActiveCfg = Release|Any CPU
		{94308179-BF8F-423C-BF82-3C0286F9A0EF}.Release|iPhoneSimulator.Build.0 = Release|Any CPU
		{94308179-BF8F-423C-BF82-3C0286F9A0EF}.Release|iPhoneSimulator.Deploy.0 = Release|Any CPU
		{94308179-BF8F-423C-BF82-3C0286F9A0EF}.Release|x64.ActiveCfg = Release|Any CPU
		{94308179-BF8F-423C-BF82-3C0286F9A0EF}.Release|x64.Build.0 = Release|Any CPU
		{94308179-BF8F-423C-BF82-3C0286F9A0EF}.Release|x64.Deploy.0 = Release|Any CPU
		{94308179-BF8F-423C-BF82-3C0286F9A0EF}.Release|x86.ActiveCfg = Release|x86
		{94308179-BF8F-423C-BF82-3C0286F9A0EF}.Release|x86.Build.0 = Release|x86
		{94308179-BF8F-423C-BF82-3C0286F9A0EF}.Release|x86.Deploy.0 = Release|x86
		{1115FE9E-04A6-4542-B3C0-F32175793A1D}.Ad-Hoc|Any CPU.ActiveCfg = Release|x86
		{1115FE9E-04A6-4542-B3C0-F32175793A1D}.Ad-Hoc|Any CPU.Build.0 = Release|x86
		{1115FE9E-04A6-4542-B3C0-F32175793A1D}.Ad-Hoc|Any CPU.Deploy.0 = Release|x86
		{1115FE9E-04A6-4542-B3C0-F32175793A1D}.Ad-Hoc|ARM.ActiveCfg = Release|ARM
		{1115FE9E-04A6-4542-B3C0-F32175793A1D}.Ad-Hoc|ARM.Build.0 = Release|ARM
		{1115FE9E-04A6-4542-B3C0-F32175793A1D}.Ad-Hoc|ARM.Deploy.0 = Release|ARM
		{1115FE9E-04A6-4542-B3C0-F32175793A1D}.Ad-Hoc|iPhone.ActiveCfg = Release|x86
		{1115FE9E-04A6-4542-B3C0-F32175793A1D}.Ad-Hoc|iPhone.Build.0 = Release|x86
		{1115FE9E-04A6-4542-B3C0-F32175793A1D}.Ad-Hoc|iPhone.Deploy.0 = Release|x86
		{1115FE9E-04A6-4542-B3C0-F32175793A1D}.Ad-Hoc|iPhoneSimulator.ActiveCfg = Release|x86
		{1115FE9E-04A6-4542-B3C0-F32175793A1D}.Ad-Hoc|iPhoneSimulator.Build.0 = Release|x86
		{1115FE9E-04A6-4542-B3C0-F32175793A1D}.Ad-Hoc|iPhoneSimulator.Deploy.0 = Release|x86
		{1115FE9E-04A6-4542-B3C0-F32175793A1D}.Ad-Hoc|x64.ActiveCfg = Release|x64
		{1115FE9E-04A6-4542-B3C0-F32175793A1D}.Ad-Hoc|x64.Build.0 = Release|x64
		{1115FE9E-04A6-4542-B3C0-F32175793A1D}.Ad-Hoc|x64.Deploy.0 = Release|x64
		{1115FE9E-04A6-4542-B3C0-F32175793A1D}.Ad-Hoc|x86.ActiveCfg = Release|x86
		{1115FE9E-04A6-4542-B3C0-F32175793A1D}.Ad-Hoc|x86.Build.0 = Release|x86
		{1115FE9E-04A6-4542-B3C0-F32175793A1D}.Ad-Hoc|x86.Deploy.0 = Release|x86
		{1115FE9E-04A6-4542-B3C0-F32175793A1D}.AppStore|Any CPU.ActiveCfg = Release|x86
		{1115FE9E-04A6-4542-B3C0-F32175793A1D}.AppStore|Any CPU.Build.0 = Release|x86
		{1115FE9E-04A6-4542-B3C0-F32175793A1D}.AppStore|Any CPU.Deploy.0 = Release|x86
		{1115FE9E-04A6-4542-B3C0-F32175793A1D}.AppStore|ARM.ActiveCfg = Release|ARM
		{1115FE9E-04A6-4542-B3C0-F32175793A1D}.AppStore|ARM.Build.0 = Release|ARM
		{1115FE9E-04A6-4542-B3C0-F32175793A1D}.AppStore|ARM.Deploy.0 = Release|ARM
		{1115FE9E-04A6-4542-B3C0-F32175793A1D}.AppStore|iPhone.ActiveCfg = Release|x86
		{1115FE9E-04A6-4542-B3C0-F32175793A1D}.AppStore|iPhone.Build.0 = Release|x86
		{1115FE9E-04A6-4542-B3C0-F32175793A1D}.AppStore|iPhone.Deploy.0 = Release|x86
		{1115FE9E-04A6-4542-B3C0-F32175793A1D}.AppStore|iPhoneSimulator.ActiveCfg = Release|x86
		{1115FE9E-04A6-4542-B3C0-F32175793A1D}.AppStore|iPhoneSimulator.Build.0 = Release|x86
		{1115FE9E-04A6-4542-B3C0-F32175793A1D}.AppStore|iPhoneSimulator.Deploy.0 = Release|x86
		{1115FE9E-04A6-4542-B3C0-F32175793A1D}.AppStore|x64.ActiveCfg = Release|x64
		{1115FE9E-04A6-4542-B3C0-F32175793A1D}.AppStore|x64.Build.0 = Release|x64
		{1115FE9E-04A6-4542-B3C0-F32175793A1D}.AppStore|x64.Deploy.0 = Release|x64
		{1115FE9E-04A6-4542-B3C0-F32175793A1D}.AppStore|x86.ActiveCfg = Release|x86
		{1115FE9E-04A6-4542-B3C0-F32175793A1D}.AppStore|x86.Build.0 = Release|x86
		{1115FE9E-04A6-4542-B3C0-F32175793A1D}.AppStore|x86.Deploy.0 = Release|x86
		{1115FE9E-04A6-4542-B3C0-F32175793A1D}.Debug|Any CPU.ActiveCfg = Debug|x86
		{1115FE9E-04A6-4542-B3C0-F32175793A1D}.Debug|ARM.ActiveCfg = Debug|ARM
		{1115FE9E-04A6-4542-B3C0-F32175793A1D}.Debug|ARM.Build.0 = Debug|ARM
		{1115FE9E-04A6-4542-B3C0-F32175793A1D}.Debug|ARM.Deploy.0 = Debug|ARM
		{1115FE9E-04A6-4542-B3C0-F32175793A1D}.Debug|iPhone.ActiveCfg = Debug|x86
		{1115FE9E-04A6-4542-B3C0-F32175793A1D}.Debug|iPhoneSimulator.ActiveCfg = Debug|x86
		{1115FE9E-04A6-4542-B3C0-F32175793A1D}.Debug|x64.ActiveCfg = Debug|x64
		{1115FE9E-04A6-4542-B3C0-F32175793A1D}.Debug|x64.Build.0 = Debug|x64
		{1115FE9E-04A6-4542-B3C0-F32175793A1D}.Debug|x64.Deploy.0 = Debug|x64
		{1115FE9E-04A6-4542-B3C0-F32175793A1D}.Debug|x86.ActiveCfg = Debug|x86
		{1115FE9E-04A6-4542-B3C0-F32175793A1D}.Debug|x86.Build.0 = Debug|x86
		{1115FE9E-04A6-4542-B3C0-F32175793A1D}.Debug|x86.Deploy.0 = Debug|x86
		{1115FE9E-04A6-4542-B3C0-F32175793A1D}.Release|Any CPU.ActiveCfg = Release|x86
		{1115FE9E-04A6-4542-B3C0-F32175793A1D}.Release|ARM.ActiveCfg = Release|ARM
		{1115FE9E-04A6-4542-B3C0-F32175793A1D}.Release|ARM.Build.0 = Release|ARM
		{1115FE9E-04A6-4542-B3C0-F32175793A1D}.Release|ARM.Deploy.0 = Release|ARM
		{1115FE9E-04A6-4542-B3C0-F32175793A1D}.Release|iPhone.ActiveCfg = Release|x86
		{1115FE9E-04A6-4542-B3C0-F32175793A1D}.Release|iPhoneSimulator.ActiveCfg = Release|x86
		{1115FE9E-04A6-4542-B3C0-F32175793A1D}.Release|x64.ActiveCfg = Release|x64
		{1115FE9E-04A6-4542-B3C0-F32175793A1D}.Release|x64.Build.0 = Release|x64
		{1115FE9E-04A6-4542-B3C0-F32175793A1D}.Release|x64.Deploy.0 = Release|x64
		{1115FE9E-04A6-4542-B3C0-F32175793A1D}.Release|x86.ActiveCfg = Release|x86
		{1115FE9E-04A6-4542-B3C0-F32175793A1D}.Release|x86.Build.0 = Release|x86
		{1115FE9E-04A6-4542-B3C0-F32175793A1D}.Release|x86.Deploy.0 = Release|x86
		{03123762-FDCA-4180-AA57-6F39BBCAFC3B}.Ad-Hoc|Any CPU.ActiveCfg = Release|Any CPU
		{03123762-FDCA-4180-AA57-6F39BBCAFC3B}.Ad-Hoc|Any CPU.Build.0 = Release|Any CPU
		{03123762-FDCA-4180-AA57-6F39BBCAFC3B}.Ad-Hoc|Any CPU.Deploy.0 = Release|Any CPU
		{03123762-FDCA-4180-AA57-6F39BBCAFC3B}.Ad-Hoc|ARM.ActiveCfg = Release|ARM
		{03123762-FDCA-4180-AA57-6F39BBCAFC3B}.Ad-Hoc|ARM.Build.0 = Release|ARM
		{03123762-FDCA-4180-AA57-6F39BBCAFC3B}.Ad-Hoc|ARM.Deploy.0 = Release|ARM
		{03123762-FDCA-4180-AA57-6F39BBCAFC3B}.Ad-Hoc|iPhone.ActiveCfg = Release|Any CPU
		{03123762-FDCA-4180-AA57-6F39BBCAFC3B}.Ad-Hoc|iPhone.Build.0 = Release|Any CPU
		{03123762-FDCA-4180-AA57-6F39BBCAFC3B}.Ad-Hoc|iPhone.Deploy.0 = Release|Any CPU
		{03123762-FDCA-4180-AA57-6F39BBCAFC3B}.Ad-Hoc|iPhoneSimulator.ActiveCfg = Release|Any CPU
		{03123762-FDCA-4180-AA57-6F39BBCAFC3B}.Ad-Hoc|iPhoneSimulator.Build.0 = Release|Any CPU
		{03123762-FDCA-4180-AA57-6F39BBCAFC3B}.Ad-Hoc|iPhoneSimulator.Deploy.0 = Release|Any CPU
		{03123762-FDCA-4180-AA57-6F39BBCAFC3B}.Ad-Hoc|x64.ActiveCfg = Release|x64
		{03123762-FDCA-4180-AA57-6F39BBCAFC3B}.Ad-Hoc|x64.Build.0 = Release|x64
		{03123762-FDCA-4180-AA57-6F39BBCAFC3B}.Ad-Hoc|x64.Deploy.0 = Release|x64
		{03123762-FDCA-4180-AA57-6F39BBCAFC3B}.Ad-Hoc|x86.ActiveCfg = Release|x86
		{03123762-FDCA-4180-AA57-6F39BBCAFC3B}.Ad-Hoc|x86.Build.0 = Release|x86
		{03123762-FDCA-4180-AA57-6F39BBCAFC3B}.Ad-Hoc|x86.Deploy.0 = Release|x86
		{03123762-FDCA-4180-AA57-6F39BBCAFC3B}.AppStore|Any CPU.ActiveCfg = Release|Any CPU
		{03123762-FDCA-4180-AA57-6F39BBCAFC3B}.AppStore|Any CPU.Build.0 = Release|Any CPU
		{03123762-FDCA-4180-AA57-6F39BBCAFC3B}.AppStore|Any CPU.Deploy.0 = Release|Any CPU
		{03123762-FDCA-4180-AA57-6F39BBCAFC3B}.AppStore|ARM.ActiveCfg = Release|ARM
		{03123762-FDCA-4180-AA57-6F39BBCAFC3B}.AppStore|ARM.Build.0 = Release|ARM
		{03123762-FDCA-4180-AA57-6F39BBCAFC3B}.AppStore|ARM.Deploy.0 = Release|ARM
		{03123762-FDCA-4180-AA57-6F39BBCAFC3B}.AppStore|iPhone.ActiveCfg = Release|Any CPU
		{03123762-FDCA-4180-AA57-6F39BBCAFC3B}.AppStore|iPhone.Build.0 = Release|Any CPU
		{03123762-FDCA-4180-AA57-6F39BBCAFC3B}.AppStore|iPhone.Deploy.0 = Release|Any CPU
		{03123762-FDCA-4180-AA57-6F39BBCAFC3B}.AppStore|iPhoneSimulator.ActiveCfg = Release|Any CPU
		{03123762-FDCA-4180-AA57-6F39BBCAFC3B}.AppStore|iPhoneSimulator.Build.0 = Release|Any CPU
		{03123762-FDCA-4180-AA57-6F39BBCAFC3B}.AppStore|iPhoneSimulator.Deploy.0 = Release|Any CPU
		{03123762-FDCA-4180-AA57-6F39BBCAFC3B}.AppStore|x64.ActiveCfg = Release|x64
		{03123762-FDCA-4180-AA57-6F39BBCAFC3B}.AppStore|x64.Build.0 = Release|x64
		{03123762-FDCA-4180-AA57-6F39BBCAFC3B}.AppStore|x64.Deploy.0 = Release|x64
		{03123762-FDCA-4180-AA57-6F39BBCAFC3B}.AppStore|x86.ActiveCfg = Release|x86
		{03123762-FDCA-4180-AA57-6F39BBCAFC3B}.AppStore|x86.Build.0 = Release|x86
		{03123762-FDCA-4180-AA57-6F39BBCAFC3B}.AppStore|x86.Deploy.0 = Release|x86
		{03123762-FDCA-4180-AA57-6F39BBCAFC3B}.Debug|Any CPU.ActiveCfg = Debug|Any CPU
		{03123762-FDCA-4180-AA57-6F39BBCAFC3B}.Debug|Any CPU.Build.0 = Debug|Any CPU
		{03123762-FDCA-4180-AA57-6F39BBCAFC3B}.Debug|Any CPU.Deploy.0 = Debug|Any CPU
		{03123762-FDCA-4180-AA57-6F39BBCAFC3B}.Debug|ARM.ActiveCfg = Debug|ARM
		{03123762-FDCA-4180-AA57-6F39BBCAFC3B}.Debug|ARM.Build.0 = Debug|ARM
		{03123762-FDCA-4180-AA57-6F39BBCAFC3B}.Debug|ARM.Deploy.0 = Debug|ARM
		{03123762-FDCA-4180-AA57-6F39BBCAFC3B}.Debug|iPhone.ActiveCfg = Debug|Any CPU
		{03123762-FDCA-4180-AA57-6F39BBCAFC3B}.Debug|iPhone.Build.0 = Debug|Any CPU
		{03123762-FDCA-4180-AA57-6F39BBCAFC3B}.Debug|iPhone.Deploy.0 = Debug|Any CPU
		{03123762-FDCA-4180-AA57-6F39BBCAFC3B}.Debug|iPhoneSimulator.ActiveCfg = Debug|Any CPU
		{03123762-FDCA-4180-AA57-6F39BBCAFC3B}.Debug|iPhoneSimulator.Build.0 = Debug|Any CPU
		{03123762-FDCA-4180-AA57-6F39BBCAFC3B}.Debug|iPhoneSimulator.Deploy.0 = Debug|Any CPU
		{03123762-FDCA-4180-AA57-6F39BBCAFC3B}.Debug|x64.ActiveCfg = Debug|x64
		{03123762-FDCA-4180-AA57-6F39BBCAFC3B}.Debug|x64.Build.0 = Debug|x64
		{03123762-FDCA-4180-AA57-6F39BBCAFC3B}.Debug|x64.Deploy.0 = Debug|x64
		{03123762-FDCA-4180-AA57-6F39BBCAFC3B}.Debug|x86.ActiveCfg = Debug|x86
		{03123762-FDCA-4180-AA57-6F39BBCAFC3B}.Debug|x86.Build.0 = Debug|x86
		{03123762-FDCA-4180-AA57-6F39BBCAFC3B}.Debug|x86.Deploy.0 = Debug|x86
		{03123762-FDCA-4180-AA57-6F39BBCAFC3B}.Release|Any CPU.ActiveCfg = Release|Any CPU
		{03123762-FDCA-4180-AA57-6F39BBCAFC3B}.Release|Any CPU.Build.0 = Release|Any CPU
		{03123762-FDCA-4180-AA57-6F39BBCAFC3B}.Release|Any CPU.Deploy.0 = Release|Any CPU
		{03123762-FDCA-4180-AA57-6F39BBCAFC3B}.Release|ARM.ActiveCfg = Release|ARM
		{03123762-FDCA-4180-AA57-6F39BBCAFC3B}.Release|ARM.Build.0 = Release|ARM
		{03123762-FDCA-4180-AA57-6F39BBCAFC3B}.Release|ARM.Deploy.0 = Release|ARM
		{03123762-FDCA-4180-AA57-6F39BBCAFC3B}.Release|iPhone.ActiveCfg = Release|Any CPU
		{03123762-FDCA-4180-AA57-6F39BBCAFC3B}.Release|iPhone.Build.0 = Release|Any CPU
		{03123762-FDCA-4180-AA57-6F39BBCAFC3B}.Release|iPhone.Deploy.0 = Release|Any CPU
		{03123762-FDCA-4180-AA57-6F39BBCAFC3B}.Release|iPhoneSimulator.ActiveCfg = Release|Any CPU
		{03123762-FDCA-4180-AA57-6F39BBCAFC3B}.Release|iPhoneSimulator.Build.0 = Release|Any CPU
		{03123762-FDCA-4180-AA57-6F39BBCAFC3B}.Release|iPhoneSimulator.Deploy.0 = Release|Any CPU
		{03123762-FDCA-4180-AA57-6F39BBCAFC3B}.Release|x64.ActiveCfg = Release|x64
		{03123762-FDCA-4180-AA57-6F39BBCAFC3B}.Release|x64.Build.0 = Release|x64
		{03123762-FDCA-4180-AA57-6F39BBCAFC3B}.Release|x64.Deploy.0 = Release|x64
		{03123762-FDCA-4180-AA57-6F39BBCAFC3B}.Release|x86.ActiveCfg = Release|x86
		{03123762-FDCA-4180-AA57-6F39BBCAFC3B}.Release|x86.Build.0 = Release|x86
		{03123762-FDCA-4180-AA57-6F39BBCAFC3B}.Release|x86.Deploy.0 = Release|x86
		{CA3F81E8-730F-4009-B5D8-FBA83EC2886E}.Ad-Hoc|Any CPU.ActiveCfg = Release|Any CPU
		{CA3F81E8-730F-4009-B5D8-FBA83EC2886E}.Ad-Hoc|Any CPU.Build.0 = Release|Any CPU
		{CA3F81E8-730F-4009-B5D8-FBA83EC2886E}.Ad-Hoc|ARM.ActiveCfg = Release|Any CPU
		{CA3F81E8-730F-4009-B5D8-FBA83EC2886E}.Ad-Hoc|ARM.Build.0 = Release|Any CPU
		{CA3F81E8-730F-4009-B5D8-FBA83EC2886E}.Ad-Hoc|iPhone.ActiveCfg = Release|Any CPU
		{CA3F81E8-730F-4009-B5D8-FBA83EC2886E}.Ad-Hoc|iPhone.Build.0 = Release|Any CPU
		{CA3F81E8-730F-4009-B5D8-FBA83EC2886E}.Ad-Hoc|iPhoneSimulator.ActiveCfg = Release|Any CPU
		{CA3F81E8-730F-4009-B5D8-FBA83EC2886E}.Ad-Hoc|iPhoneSimulator.Build.0 = Release|Any CPU
		{CA3F81E8-730F-4009-B5D8-FBA83EC2886E}.Ad-Hoc|x64.ActiveCfg = Release|Any CPU
		{CA3F81E8-730F-4009-B5D8-FBA83EC2886E}.Ad-Hoc|x64.Build.0 = Release|Any CPU
		{CA3F81E8-730F-4009-B5D8-FBA83EC2886E}.Ad-Hoc|x86.ActiveCfg = Release|Any CPU
		{CA3F81E8-730F-4009-B5D8-FBA83EC2886E}.Ad-Hoc|x86.Build.0 = Release|Any CPU
		{CA3F81E8-730F-4009-B5D8-FBA83EC2886E}.AppStore|Any CPU.ActiveCfg = Release|Any CPU
		{CA3F81E8-730F-4009-B5D8-FBA83EC2886E}.AppStore|Any CPU.Build.0 = Release|Any CPU
		{CA3F81E8-730F-4009-B5D8-FBA83EC2886E}.AppStore|ARM.ActiveCfg = Release|Any CPU
		{CA3F81E8-730F-4009-B5D8-FBA83EC2886E}.AppStore|ARM.Build.0 = Release|Any CPU
		{CA3F81E8-730F-4009-B5D8-FBA83EC2886E}.AppStore|iPhone.ActiveCfg = Release|Any CPU
		{CA3F81E8-730F-4009-B5D8-FBA83EC2886E}.AppStore|iPhone.Build.0 = Release|Any CPU
		{CA3F81E8-730F-4009-B5D8-FBA83EC2886E}.AppStore|iPhoneSimulator.ActiveCfg = Release|Any CPU
		{CA3F81E8-730F-4009-B5D8-FBA83EC2886E}.AppStore|iPhoneSimulator.Build.0 = Release|Any CPU
		{CA3F81E8-730F-4009-B5D8-FBA83EC2886E}.AppStore|x64.ActiveCfg = Release|Any CPU
		{CA3F81E8-730F-4009-B5D8-FBA83EC2886E}.AppStore|x64.Build.0 = Release|Any CPU
		{CA3F81E8-730F-4009-B5D8-FBA83EC2886E}.AppStore|x86.ActiveCfg = Release|Any CPU
		{CA3F81E8-730F-4009-B5D8-FBA83EC2886E}.AppStore|x86.Build.0 = Release|Any CPU
		{CA3F81E8-730F-4009-B5D8-FBA83EC2886E}.Debug|Any CPU.ActiveCfg = Debug|Any CPU
		{CA3F81E8-730F-4009-B5D8-FBA83EC2886E}.Debug|Any CPU.Build.0 = Debug|Any CPU
		{CA3F81E8-730F-4009-B5D8-FBA83EC2886E}.Debug|ARM.ActiveCfg = Debug|Any CPU
		{CA3F81E8-730F-4009-B5D8-FBA83EC2886E}.Debug|ARM.Build.0 = Debug|Any CPU
		{CA3F81E8-730F-4009-B5D8-FBA83EC2886E}.Debug|iPhone.ActiveCfg = Debug|Any CPU
		{CA3F81E8-730F-4009-B5D8-FBA83EC2886E}.Debug|iPhone.Build.0 = Debug|Any CPU
		{CA3F81E8-730F-4009-B5D8-FBA83EC2886E}.Debug|iPhoneSimulator.ActiveCfg = Debug|Any CPU
		{CA3F81E8-730F-4009-B5D8-FBA83EC2886E}.Debug|iPhoneSimulator.Build.0 = Debug|Any CPU
		{CA3F81E8-730F-4009-B5D8-FBA83EC2886E}.Debug|x64.ActiveCfg = Debug|Any CPU
		{CA3F81E8-730F-4009-B5D8-FBA83EC2886E}.Debug|x64.Build.0 = Debug|Any CPU
		{CA3F81E8-730F-4009-B5D8-FBA83EC2886E}.Debug|x86.ActiveCfg = Debug|Any CPU
		{CA3F81E8-730F-4009-B5D8-FBA83EC2886E}.Debug|x86.Build.0 = Debug|Any CPU
		{CA3F81E8-730F-4009-B5D8-FBA83EC2886E}.Release|Any CPU.ActiveCfg = Release|Any CPU
		{CA3F81E8-730F-4009-B5D8-FBA83EC2886E}.Release|Any CPU.Build.0 = Release|Any CPU
		{CA3F81E8-730F-4009-B5D8-FBA83EC2886E}.Release|ARM.ActiveCfg = Release|Any CPU
		{CA3F81E8-730F-4009-B5D8-FBA83EC2886E}.Release|ARM.Build.0 = Release|Any CPU
		{CA3F81E8-730F-4009-B5D8-FBA83EC2886E}.Release|iPhone.ActiveCfg = Release|Any CPU
		{CA3F81E8-730F-4009-B5D8-FBA83EC2886E}.Release|iPhone.Build.0 = Release|Any CPU
		{CA3F81E8-730F-4009-B5D8-FBA83EC2886E}.Release|iPhoneSimulator.ActiveCfg = Release|Any CPU
		{CA3F81E8-730F-4009-B5D8-FBA83EC2886E}.Release|iPhoneSimulator.Build.0 = Release|Any CPU
		{CA3F81E8-730F-4009-B5D8-FBA83EC2886E}.Release|x64.ActiveCfg = Release|Any CPU
		{CA3F81E8-730F-4009-B5D8-FBA83EC2886E}.Release|x64.Build.0 = Release|Any CPU
		{CA3F81E8-730F-4009-B5D8-FBA83EC2886E}.Release|x86.ActiveCfg = Release|Any CPU
		{CA3F81E8-730F-4009-B5D8-FBA83EC2886E}.Release|x86.Build.0 = Release|Any CPU
	EndGlobalSection
	GlobalSection(SolutionProperties) = preSolution
		HideSolutionNode = FALSE
	EndGlobalSection
EndGlobal
